
Microsoft Visual Studio Solution File, Format Version 12.00
# Visual Studio 2013
VisualStudioVersion = 12.0.30723.0
MinimumVisualStudioVersion = 10.0.40219.1
Project("{2150E333-8FDC-42A3-9474-1A3956D46DE8}") = "JeopardyCalculator", "JeopardyCalculator", "{AA9B2684-0E47-4642-92C9-74872E8199A3}"
EndProject
Project("{D954291E-2A0B-460D-934E-DC6B0785DB48}") = "JeopardyCalculator.Shared", "JeopardyCalculator\JeopardyCalculator.Shared\JeopardyCalculator.Shared.shproj", "{9038F97A-5827-48B0-B4F3-34F744F38788}"
EndProject
Project("{FAE04EC0-301F-11D3-BF4B-00C04F79EFBC}") = "JCalc.Windows", "JeopardyCalculator\JeopardyCalculator.Windows\JCalc.Windows.csproj", "{CD297BD2-719C-4FC5-B0A8-32EE0518A199}"
EndProject
Project("{FAE04EC0-301F-11D3-BF4B-00C04F79EFBC}") = "JCalc.WindowsPhone", "JeopardyCalculator\JeopardyCalculator.WindowsPhone\JCalc.WindowsPhone.csproj", "{E4E61CBB-3E8B-496B-B3EC-7CA219F05FE9}"
EndProject
Global
	GlobalSection(SharedMSBuildProjectFiles) = preSolution
		JeopardyCalculator\JeopardyCalculator.Shared\JeopardyCalculator.Shared.projitems*{cd297bd2-719c-4fc5-b0a8-32ee0518a199}*SharedItemsImports = 4
		JeopardyCalculator\JeopardyCalculator.Shared\JeopardyCalculator.Shared.projitems*{e4e61cbb-3e8b-496b-b3ec-7ca219f05fe9}*SharedItemsImports = 4
		JeopardyCalculator\JeopardyCalculator.Shared\JeopardyCalculator.Shared.projitems*{9038f97a-5827-48b0-b4f3-34f744f38788}*SharedItemsImports = 13
	EndGlobalSection
	GlobalSection(SolutionConfigurationPlatforms) = preSolution
		Debug|Any CPU = Debug|Any CPU
		Debug|ARM = Debug|ARM
		Debug|x64 = Debug|x64
		Debug|x86 = Debug|x86
		Release|Any CPU = Release|Any CPU
		Release|ARM = Release|ARM
		Release|x64 = Release|x64
		Release|x86 = Release|x86
	EndGlobalSection
	GlobalSection(ProjectConfigurationPlatforms) = postSolution
		{CD297BD2-719C-4FC5-B0A8-32EE0518A199}.Debug|Any CPU.ActiveCfg = Debug|ARM
		{CD297BD2-719C-4FC5-B0A8-32EE0518A199}.Debug|Any CPU.Build.0 = Debug|ARM
		{CD297BD2-719C-4FC5-B0A8-32EE0518A199}.Debug|Any CPU.Deploy.0 = Debug|ARM
		{CD297BD2-719C-4FC5-B0A8-32EE0518A199}.Debug|ARM.ActiveCfg = Debug|x86
		{CD297BD2-719C-4FC5-B0A8-32EE0518A199}.Debug|ARM.Build.0 = Debug|x86
		{CD297BD2-719C-4FC5-B0A8-32EE0518A199}.Debug|ARM.Deploy.0 = Debug|x86
		{CD297BD2-719C-4FC5-B0A8-32EE0518A199}.Debug|x64.ActiveCfg = Debug|x64
		{CD297BD2-719C-4FC5-B0A8-32EE0518A199}.Debug|x64.Build.0 = Debug|x64
		{CD297BD2-719C-4FC5-B0A8-32EE0518A199}.Debug|x64.Deploy.0 = Debug|x64
		{CD297BD2-719C-4FC5-B0A8-32EE0518A199}.Debug|x86.ActiveCfg = Debug|ARM
		{CD297BD2-719C-4FC5-B0A8-32EE0518A199}.Debug|x86.Build.0 = Debug|ARM
		{CD297BD2-719C-4FC5-B0A8-32EE0518A199}.Debug|x86.Deploy.0 = Debug|ARM
		{CD297BD2-719C-4FC5-B0A8-32EE0518A199}.Release|Any CPU.ActiveCfg = Release|Any CPU
		{CD297BD2-719C-4FC5-B0A8-32EE0518A199}.Release|Any CPU.Build.0 = Release|Any CPU
		{CD297BD2-719C-4FC5-B0A8-32EE0518A199}.Release|Any CPU.Deploy.0 = Release|Any CPU
		{CD297BD2-719C-4FC5-B0A8-32EE0518A199}.Release|ARM.ActiveCfg = Release|ARM
		{CD297BD2-719C-4FC5-B0A8-32EE0518A199}.Release|ARM.Build.0 = Release|ARM
		{CD297BD2-719C-4FC5-B0A8-32EE0518A199}.Release|ARM.Deploy.0 = Release|ARM
		{CD297BD2-719C-4FC5-B0A8-32EE0518A199}.Release|x64.ActiveCfg = Release|x64
		{CD297BD2-719C-4FC5-B0A8-32EE0518A199}.Release|x64.Build.0 = Release|x64
		{CD297BD2-719C-4FC5-B0A8-32EE0518A199}.Release|x64.Deploy.0 = Release|x64
		{CD297BD2-719C-4FC5-B0A8-32EE0518A199}.Release|x86.ActiveCfg = Release|x86
		{CD297BD2-719C-4FC5-B0A8-32EE0518A199}.Release|x86.Build.0 = Release|x86
		{CD297BD2-719C-4FC5-B0A8-32EE0518A199}.Release|x86.Deploy.0 = Release|x86
		{E4E61CBB-3E8B-496B-B3EC-7CA219F05FE9}.Debug|Any CPU.ActiveCfg = Debug|ARM
		{E4E61CBB-3E8B-496B-B3EC-7CA219F05FE9}.Debug|Any CPU.Build.0 = Debug|ARM
		{E4E61CBB-3E8B-496B-B3EC-7CA219F05FE9}.Debug|Any CPU.Deploy.0 = Debug|ARM
		{E4E61CBB-3E8B-496B-B3EC-7CA219F05FE9}.Debug|ARM.ActiveCfg = Debug|x86
		{E4E61CBB-3E8B-496B-B3EC-7CA219F05FE9}.Debug|ARM.Build.0 = Debug|x86
		{E4E61CBB-3E8B-496B-B3EC-7CA219F05FE9}.Debug|ARM.Deploy.0 = Debug|x86
		{E4E61CBB-3E8B-496B-B3EC-7CA219F05FE9}.Debug|x64.ActiveCfg = Debug|Any CPU
		{E4E61CBB-3E8B-496B-B3EC-7CA219F05FE9}.Debug|x86.ActiveCfg = Debug|ARM
		{E4E61CBB-3E8B-496B-B3EC-7CA219F05FE9}.Debug|x86.Build.0 = Debug|ARM
		{E4E61CBB-3E8B-496B-B3EC-7CA219F05FE9}.Debug|x86.Deploy.0 = Debug|ARM
		{E4E61CBB-3E8B-496B-B3EC-7CA219F05FE9}.Release|Any CPU.ActiveCfg = Release|Any CPU
		{E4E61CBB-3E8B-496B-B3EC-7CA219F05FE9}.Release|Any CPU.Build.0 = Release|Any CPU
		{E4E61CBB-3E8B-496B-B3EC-7CA219F05FE9}.Release|Any CPU.Deploy.0 = Release|Any CPU
		{E4E61CBB-3E8B-496B-B3EC-7CA219F05FE9}.Release|ARM.ActiveCfg = Release|ARM
		{E4E61CBB-3E8B-496B-B3EC-7CA219F05FE9}.Release|ARM.Build.0 = Release|ARM
		{E4E61CBB-3E8B-496B-B3EC-7CA219F05FE9}.Release|ARM.Deploy.0 = Release|ARM
		{E4E61CBB-3E8B-496B-B3EC-7CA219F05FE9}.Release|x64.ActiveCfg = Release|Any CPU
		{E4E61CBB-3E8B-496B-B3EC-7CA219F05FE9}.Release|x86.ActiveCfg = Release|x86
		{E4E61CBB-3E8B-496B-B3EC-7CA219F05FE9}.Release|x86.Build.0 = Release|x86
		{E4E61CBB-3E8B-496B-B3EC-7CA219F05FE9}.Release|x86.Deploy.0 = Release|x86
	EndGlobalSection
	GlobalSection(SolutionProperties) = preSolution
		HideSolutionNode = FALSE
	EndGlobalSection
	GlobalSection(NestedProjects) = preSolution
		{9038F97A-5827-48B0-B4F3-34F744F38788} = {AA9B2684-0E47-4642-92C9-74872E8199A3}
		{CD297BD2-719C-4FC5-B0A8-32EE0518A199} = {AA9B2684-0E47-4642-92C9-74872E8199A3}
		{E4E61CBB-3E8B-496B-B3EC-7CA219F05FE9} = {AA9B2684-0E47-4642-92C9-74872E8199A3}
	EndGlobalSection
EndGlobal
